{
  "name": "myNgApp",
  "version": "0.1.0",
  "lockfileVersion": 1,
  "requires": true,
  "dependencies": {
    "@uirouter/core": {
      "version": "5.0.3",
      "resolved": "http://registry.npm.taobao.org/@uirouter/core/download/@uirouter/core-5.0.3.tgz",
      "integrity": "sha1-4rWx5FGQ4gxnuk4VwBPeXU4MyrM="
    },
    "angular": {
      "version": "1.6.6",
      "resolved": "http://registry.npm.taobao.org/angular/download/angular-1.6.6.tgz",
      "integrity": "sha1-/Vo8+0N844LYVO4BEgeXl4Uny2Q="
    },
    "angular-animate": {
      "version": "1.6.6",
      "resolved": "http://registry.npm.taobao.org/angular-animate/download/angular-animate-1.6.6.tgz",
      "integrity": "sha1-aSVkexQaBA0kG/ElBA8aFQ/NinA="
    },
    "angular-aria": {
      "version": "1.6.6",
      "resolved": "http://registry.npm.taobao.org/angular-aria/download/angular-aria-1.6.6.tgz",
      "integrity": "sha1-WN10jglWS8hAn3Ob3lezX77ltqU="
    },
    "angular-cookies": {
      "version": "1.6.6",
      "resolved": "http://registry.npm.taobao.org/angular-cookies/download/angular-cookies-1.6.6.tgz",
      "integrity": "sha1-MRZC2v28T/fNaSILiSW4g1n7oUg="
    },
    "angular-messages": {
      "version": "1.6.6",
      "resolved": "http://registry.npm.taobao.org/angular-messages/download/angular-messages-1.6.6.tgz",
      "integrity": "sha1-qbs/xflx10XNOjvbqrxvH03rE/M="
    },
    "angular-resource": {
      "version": "1.6.6",
      "resolved": "http://registry.npm.taobao.org/angular-resource/download/angular-resource-1.6.6.tgz",
      "integrity": "sha1-QwZg6WnD589AxeJH5eaQ8G1u/GE="
    },
    "angular-sanitize": {
      "version": "1.6.6",
      "resolved": "http://registry.npm.taobao.org/angular-sanitize/download/angular-sanitize-1.6.6.tgz",
      "integrity": "sha1-D9BloZkxUX++zmZZbTJdcrbgYEE="
    },
    "angular-touch": {
      "version": "1.6.6",
      "resolved": "http://registry.npm.taobao.org/angular-touch/download/angular-touch-1.6.6.tgz",
      "integrity": "sha1-8gaCglAbleKRNZMNHOcV1UBew+U="
    },
    "angular-ui-router": {
      "version": "1.0.3",
      "resolved": "http://registry.npm.taobao.org/angular-ui-router/download/angular-ui-router-1.0.3.tgz",
      "integrity": "sha1-vySUyq6Vw3zwGvN2HYl0fP7S20U=",
      "requires": {
        "@uirouter/core": "5.0.3"
      }
    },
    "bootstrap-sass": {
      "version": "3.3.7",
      "resolved": "http://registry.npm.taobao.org/bootstrap-sass/download/bootstrap-sass-3.3.7.tgz",
      "integrity": "sha1-ZZbHq0D2Y3OTMjqwvIDQZPxjBJg="
    },
    "jquery": {
      "version": "3.2.1",
      "resolved": "http://registry.npm.taobao.org/jquery/download/jquery-3.2.1.tgz",
      "integrity": "sha1-XE2d5lKvbNCncBVKYxu6ErAVx4c="
    },
    "lodash": {
      "version": "4.17.4",
      "resolved": "http://registry.npm.taobao.org/lodash/download/lodash-4.17.4.tgz",
      "integrity": "sha1-eCA6TRwyiuHYbcpkYONptX9AVa4="
    },
    "moment": {
      "version": "2.18.1",
      "resolved": "http://registry.npm.taobao.org/moment/download/moment-2.18.1.tgz",
      "integrity": "sha1-w2GT3Tzhwu7SrbfIAtu8d6gbHA8="
    },
    "oclazyload": {
      "version": "1.1.0",
      "resolved": "http://registry.npm.taobao.org/oclazyload/download/oclazyload-1.1.0.tgz",
      "integrity": "sha1-qYBzIvGQggqBwCLy7xcB0DbYPoc="
    }
  }
}
